// !$*UTF8*$!
{
	archiveVersion = 1;
	classes = {
	};
	objectVersion = 46;
	objects = {

/* Begin PBXBuildFile section */
		8926AEF11F4D82ED00828D81 /* Ability.swift in Sources */ = {isa = PBXBuildFile; fileRef = 8926AEF01F4D82ED00828D81 /* Ability.swift */; };
		8926AEF31F4D8CE800828D81 /* World.swift in Sources */ = {isa = PBXBuildFile; fileRef = 8926AEF21F4D8CE800828D81 /* World.swift */; };
		8926AEF51F4D978D00828D81 /* GameData.swift in Sources */ = {isa = PBXBuildFile; fileRef = 8926AEF41F4D978D00828D81 /* GameData.swift */; };
		8926AEF81F4D993E00828D81 /* names_human_female.txt in Resources */ = {isa = PBXBuildFile; fileRef = 8926AEF61F4D993E00828D81 /* names_human_female.txt */; };
		8926AEF91F4D993E00828D81 /* names_human_male.txt in Resources */ = {isa = PBXBuildFile; fileRef = 8926AEF71F4D993E00828D81 /* names_human_male.txt */; };
		8980ADA81F49D6B1005A83FE /* AppDelegate.swift in Sources */ = {isa = PBXBuildFile; fileRef = 8980ADA71F49D6B1005A83FE /* AppDelegate.swift */; };
		8980ADAA1F49D6B1005A83FE /* ViewController.swift in Sources */ = {isa = PBXBuildFile; fileRef = 8980ADA91F49D6B1005A83FE /* ViewController.swift */; };
		8980ADAD1F49D6B1005A83FE /* Main.storyboard in Resources */ = {isa = PBXBuildFile; fileRef = 8980ADAB1F49D6B1005A83FE /* Main.storyboard */; };
		8980ADB01F49D6B1005A83FE /* sevendayrogue.xcdatamodeld in Sources */ = {isa = PBXBuildFile; fileRef = 8980ADAE1F49D6B1005A83FE /* sevendayrogue.xcdatamodeld */; };
		8980ADB21F49D6B1005A83FE /* Assets.xcassets in Resources */ = {isa = PBXBuildFile; fileRef = 8980ADB11F49D6B1005A83FE /* Assets.xcassets */; };
		8980ADB51F49D6B1005A83FE /* LaunchScreen.storyboard in Resources */ = {isa = PBXBuildFile; fileRef = 8980ADB31F49D6B1005A83FE /* LaunchScreen.storyboard */; };
		8980ADC01F49D6B1005A83FE /* sevendayrogueTests.swift in Sources */ = {isa = PBXBuildFile; fileRef = 8980ADBF1F49D6B1005A83FE /* sevendayrogueTests.swift */; };
		899CB9D41F4C7C5C0071F7E4 /* Creature.swift in Sources */ = {isa = PBXBuildFile; fileRef = 899CB9D31F4C7C5C0071F7E4 /* Creature.swift */; };
		899CB9D61F4C7C840071F7E4 /* Weapon.swift in Sources */ = {isa = PBXBuildFile; fileRef = 899CB9D51F4C7C840071F7E4 /* Weapon.swift */; };
		899CB9D91F4C7E4F0071F7E4 /* Armor.swift in Sources */ = {isa = PBXBuildFile; fileRef = 899CB9D81F4C7E4F0071F7E4 /* Armor.swift */; };
		89B88CB21F4F5653002D3849 /* Encounter.swift in Sources */ = {isa = PBXBuildFile; fileRef = 89B88CB11F4F5653002D3849 /* Encounter.swift */; };
		89C9E2F21F51BCE500A267C7 /* Location.swift in Sources */ = {isa = PBXBuildFile; fileRef = 89C9E2F11F51BCE500A267C7 /* Location.swift */; };
		89C9E2F41F52005600A267C7 /* Direction.swift in Sources */ = {isa = PBXBuildFile; fileRef = 89C9E2F31F52005600A267C7 /* Direction.swift */; };
		89C9E2F61F5201DA00A267C7 /* Utils.swift in Sources */ = {isa = PBXBuildFile; fileRef = 89C9E2F51F5201DA00A267C7 /* Utils.swift */; };
		89CD0BA41F5FED5A00FB6F7E /* Game.swift in Sources */ = {isa = PBXBuildFile; fileRef = 89CD0BA31F5FED5A00FB6F7E /* Game.swift */; };
		89CD0BA91F5FEFC800FB6F7E /* WorldView.swift in Sources */ = {isa = PBXBuildFile; fileRef = 89CD0BA81F5FEFC800FB6F7E /* WorldView.swift */; };
		89CD0BAB1F5FF16400FB6F7E /* Const.swift in Sources */ = {isa = PBXBuildFile; fileRef = 89CD0BAA1F5FF16400FB6F7E /* Const.swift */; };
		89CD0BAC1F5FF16400FB6F7E /* Const.swift in Sources */ = {isa = PBXBuildFile; fileRef = 89CD0BAA1F5FF16400FB6F7E /* Const.swift */; };
		89CD0BAF1F60035600FB6F7E /* UIView+Extensions.swift in Sources */ = {isa = PBXBuildFile; fileRef = 89CD0BAE1F60035600FB6F7E /* UIView+Extensions.swift */; };
		89CD0BB01F60035600FB6F7E /* UIView+Extensions.swift in Sources */ = {isa = PBXBuildFile; fileRef = 89CD0BAE1F60035600FB6F7E /* UIView+Extensions.swift */; };
		89CD0BB21F6034CD00FB6F7E /* monsters.csv in Resources */ = {isa = PBXBuildFile; fileRef = 89CD0BB11F6034CD00FB6F7E /* monsters.csv */; };
		89CD0BB31F6034CD00FB6F7E /* monsters.csv in Resources */ = {isa = PBXBuildFile; fileRef = 89CD0BB11F6034CD00FB6F7E /* monsters.csv */; };
		89CD0BB81F60394000FB6F7E /* Logger.swift in Sources */ = {isa = PBXBuildFile; fileRef = 89CD0BB71F60394000FB6F7E /* Logger.swift */; };
		89CD0BB91F60394000FB6F7E /* Logger.swift in Sources */ = {isa = PBXBuildFile; fileRef = 89CD0BB71F60394000FB6F7E /* Logger.swift */; };
		89D91DEB1F694F6800313CAD /* Action.swift in Sources */ = {isa = PBXBuildFile; fileRef = 89D91DEA1F694F6800313CAD /* Action.swift */; };
		89D91DEC1F694F6800313CAD /* Action.swift in Sources */ = {isa = PBXBuildFile; fileRef = 89D91DEA1F694F6800313CAD /* Action.swift */; };
		89D91DEE1F69591100313CAD /* Area.swift in Sources */ = {isa = PBXBuildFile; fileRef = 89D91DED1F69591100313CAD /* Area.swift */; };
		89D91DEF1F69591100313CAD /* Area.swift in Sources */ = {isa = PBXBuildFile; fileRef = 89D91DED1F69591100313CAD /* Area.swift */; };
		89DDD0831F4A0A3D00B26F03 /* Die.swift in Sources */ = {isa = PBXBuildFile; fileRef = 89DDD0821F4A0A3D00B26F03 /* Die.swift */; };
		89DDD0861F4B45D200B26F03 /* Spell.swift in Sources */ = {isa = PBXBuildFile; fileRef = 89DDD0851F4B45D200B26F03 /* Spell.swift */; };
		89FCFF201F5A87F000D23E0D /* Ability.swift in Sources */ = {isa = PBXBuildFile; fileRef = 8926AEF01F4D82ED00828D81 /* Ability.swift */; };
		89FCFF211F5A87F000D23E0D /* Armor.swift in Sources */ = {isa = PBXBuildFile; fileRef = 899CB9D81F4C7E4F0071F7E4 /* Armor.swift */; };
		89FCFF221F5A87F000D23E0D /* Creature.swift in Sources */ = {isa = PBXBuildFile; fileRef = 899CB9D31F4C7C5C0071F7E4 /* Creature.swift */; };
		89FCFF231F5A87F000D23E0D /* Die.swift in Sources */ = {isa = PBXBuildFile; fileRef = 89DDD0821F4A0A3D00B26F03 /* Die.swift */; };
		89FCFF241F5A87F000D23E0D /* Direction.swift in Sources */ = {isa = PBXBuildFile; fileRef = 89C9E2F31F52005600A267C7 /* Direction.swift */; };
		89FCFF251F5A87F000D23E0D /* Encounter.swift in Sources */ = {isa = PBXBuildFile; fileRef = 89B88CB11F4F5653002D3849 /* Encounter.swift */; };
		89FCFF261F5A87F000D23E0D /* GameData.swift in Sources */ = {isa = PBXBuildFile; fileRef = 8926AEF41F4D978D00828D81 /* GameData.swift */; };
		89FCFF271F5A87F000D23E0D /* Location.swift in Sources */ = {isa = PBXBuildFile; fileRef = 89C9E2F11F51BCE500A267C7 /* Location.swift */; };
		89FCFF281F5A87F000D23E0D /* Spell.swift in Sources */ = {isa = PBXBuildFile; fileRef = 89DDD0851F4B45D200B26F03 /* Spell.swift */; };
		89FCFF291F5A87F000D23E0D /* Weapon.swift in Sources */ = {isa = PBXBuildFile; fileRef = 899CB9D51F4C7C840071F7E4 /* Weapon.swift */; };
		89FCFF2A1F5A87F000D23E0D /* World.swift in Sources */ = {isa = PBXBuildFile; fileRef = 8926AEF21F4D8CE800828D81 /* World.swift */; };
		89FCFF2B1F5A87F300D23E0D /* Utils.swift in Sources */ = {isa = PBXBuildFile; fileRef = 89C9E2F51F5201DA00A267C7 /* Utils.swift */; };
		89FCFF2D1F5A8AE400D23E0D /* WorldFactory.swift in Sources */ = {isa = PBXBuildFile; fileRef = 89FCFF2C1F5A8AE400D23E0D /* WorldFactory.swift */; };
		89FCFF2E1F5A8AE400D23E0D /* WorldFactory.swift in Sources */ = {isa = PBXBuildFile; fileRef = 89FCFF2C1F5A8AE400D23E0D /* WorldFactory.swift */; };
		89FCFF301F5A915200D23E0D /* LineReader.swift in Sources */ = {isa = PBXBuildFile; fileRef = 89FCFF2F1F5A915200D23E0D /* LineReader.swift */; };
		89FCFF311F5A915200D23E0D /* LineReader.swift in Sources */ = {isa = PBXBuildFile; fileRef = 89FCFF2F1F5A915200D23E0D /* LineReader.swift */; };
		89FCFF331F5C1C4E00D23E0D /* ArrayExtensions.swift in Sources */ = {isa = PBXBuildFile; fileRef = 89FCFF321F5C1C4E00D23E0D /* ArrayExtensions.swift */; };
		89FCFF341F5C1C4E00D23E0D /* ArrayExtensions.swift in Sources */ = {isa = PBXBuildFile; fileRef = 89FCFF321F5C1C4E00D23E0D /* ArrayExtensions.swift */; };
/* End PBXBuildFile section */

/* Begin PBXContainerItemProxy section */
		8980ADBC1F49D6B1005A83FE /* PBXContainerItemProxy */ = {
			isa = PBXContainerItemProxy;
			containerPortal = 8980AD9C1F49D6B1005A83FE /* Project object */;
			proxyType = 1;
			remoteGlobalIDString = 8980ADA31F49D6B1005A83FE;
			remoteInfo = sevendayrogue;
		};
/* End PBXContainerItemProxy section */

/* Begin PBXFileReference section */
		8926AEF01F4D82ED00828D81 /* Ability.swift */ = {isa = PBXFileReference; fileEncoding = 4; lastKnownFileType = sourcecode.swift; path = Ability.swift; sourceTree = "<group>"; };
		8926AEF21F4D8CE800828D81 /* World.swift */ = {isa = PBXFileReference; fileEncoding = 4; lastKnownFileType = sourcecode.swift; path = World.swift; sourceTree = "<group>"; };
		8926AEF41F4D978D00828D81 /* GameData.swift */ = {isa = PBXFileReference; fileEncoding = 4; lastKnownFileType = sourcecode.swift; path = GameData.swift; sourceTree = "<group>"; };
		8926AEF61F4D993E00828D81 /* names_human_female.txt */ = {isa = PBXFileReference; fileEncoding = 4; lastKnownFileType = text; name = names_human_female.txt; path = gamedata/names_human_female.txt; sourceTree = SOURCE_ROOT; };
		8926AEF71F4D993E00828D81 /* names_human_male.txt */ = {isa = PBXFileReference; fileEncoding = 4; lastKnownFileType = text; name = names_human_male.txt; path = gamedata/names_human_male.txt; sourceTree = SOURCE_ROOT; };
		8980ADA41F49D6B1005A83FE /* sevendayrogue.app */ = {isa = PBXFileReference; explicitFileType = wrapper.application; includeInIndex = 0; path = sevendayrogue.app; sourceTree = BUILT_PRODUCTS_DIR; };
		8980ADA71F49D6B1005A83FE /* AppDelegate.swift */ = {isa = PBXFileReference; lastKnownFileType = sourcecode.swift; path = AppDelegate.swift; sourceTree = "<group>"; };
		8980ADA91F49D6B1005A83FE /* ViewController.swift */ = {isa = PBXFileReference; lastKnownFileType = sourcecode.swift; path = ViewController.swift; sourceTree = "<group>"; };
		8980ADAC1F49D6B1005A83FE /* Base */ = {isa = PBXFileReference; lastKnownFileType = file.storyboard; name = Base; path = Base.lproj/Main.storyboard; sourceTree = "<group>"; };
		8980ADAF1F49D6B1005A83FE /* sevendayrogue.xcdatamodel */ = {isa = PBXFileReference; lastKnownFileType = wrapper.xcdatamodel; path = sevendayrogue.xcdatamodel; sourceTree = "<group>"; };
		8980ADB11F49D6B1005A83FE /* Assets.xcassets */ = {isa = PBXFileReference; lastKnownFileType = folder.assetcatalog; path = Assets.xcassets; sourceTree = "<group>"; };
		8980ADB41F49D6B1005A83FE /* Base */ = {isa = PBXFileReference; lastKnownFileType = file.storyboard; name = Base; path = Base.lproj/LaunchScreen.storyboard; sourceTree = "<group>"; };
		8980ADB61F49D6B1005A83FE /* Info.plist */ = {isa = PBXFileReference; lastKnownFileType = text.plist.xml; path = Info.plist; sourceTree = "<group>"; };
		8980ADBB1F49D6B1005A83FE /* sevendayrogueTests.xctest */ = {isa = PBXFileReference; explicitFileType = wrapper.cfbundle; includeInIndex = 0; path = sevendayrogueTests.xctest; sourceTree = BUILT_PRODUCTS_DIR; };
		8980ADBF1F49D6B1005A83FE /* sevendayrogueTests.swift */ = {isa = PBXFileReference; lastKnownFileType = sourcecode.swift; path = sevendayrogueTests.swift; sourceTree = "<group>"; };
		8980ADC11F49D6B1005A83FE /* Info.plist */ = {isa = PBXFileReference; lastKnownFileType = text.plist.xml; path = Info.plist; sourceTree = "<group>"; };
		899CB9D31F4C7C5C0071F7E4 /* Creature.swift */ = {isa = PBXFileReference; fileEncoding = 4; lastKnownFileType = sourcecode.swift; path = Creature.swift; sourceTree = "<group>"; };
		899CB9D51F4C7C840071F7E4 /* Weapon.swift */ = {isa = PBXFileReference; fileEncoding = 4; lastKnownFileType = sourcecode.swift; path = Weapon.swift; sourceTree = "<group>"; };
		899CB9D81F4C7E4F0071F7E4 /* Armor.swift */ = {isa = PBXFileReference; fileEncoding = 4; lastKnownFileType = sourcecode.swift; path = Armor.swift; sourceTree = "<group>"; };
		89B88CB11F4F5653002D3849 /* Encounter.swift */ = {isa = PBXFileReference; fileEncoding = 4; lastKnownFileType = sourcecode.swift; path = Encounter.swift; sourceTree = "<group>"; };
		89C9E2F11F51BCE500A267C7 /* Location.swift */ = {isa = PBXFileReference; fileEncoding = 4; lastKnownFileType = sourcecode.swift; path = Location.swift; sourceTree = "<group>"; };
		89C9E2F31F52005600A267C7 /* Direction.swift */ = {isa = PBXFileReference; fileEncoding = 4; lastKnownFileType = sourcecode.swift; path = Direction.swift; sourceTree = "<group>"; };
		89C9E2F51F5201DA00A267C7 /* Utils.swift */ = {isa = PBXFileReference; fileEncoding = 4; lastKnownFileType = sourcecode.swift; path = Utils.swift; sourceTree = "<group>"; };
		89CD0BA31F5FED5A00FB6F7E /* Game.swift */ = {isa = PBXFileReference; fileEncoding = 4; lastKnownFileType = sourcecode.swift; path = Game.swift; sourceTree = "<group>"; };
		89CD0BA81F5FEFC800FB6F7E /* WorldView.swift */ = {isa = PBXFileReference; fileEncoding = 4; lastKnownFileType = sourcecode.swift; path = WorldView.swift; sourceTree = "<group>"; };
		89CD0BAA1F5FF16400FB6F7E /* Const.swift */ = {isa = PBXFileReference; fileEncoding = 4; lastKnownFileType = sourcecode.swift; path = Const.swift; sourceTree = "<group>"; };
		89CD0BAE1F60035600FB6F7E /* UIView+Extensions.swift */ = {isa = PBXFileReference; fileEncoding = 4; lastKnownFileType = sourcecode.swift; path = "UIView+Extensions.swift"; sourceTree = "<group>"; };
		89CD0BB11F6034CD00FB6F7E /* monsters.csv */ = {isa = PBXFileReference; fileEncoding = 4; lastKnownFileType = text; name = monsters.csv; path = gamedata/monsters.csv; sourceTree = SOURCE_ROOT; };
		89CD0BB71F60394000FB6F7E /* Logger.swift */ = {isa = PBXFileReference; fileEncoding = 4; lastKnownFileType = sourcecode.swift; path = Logger.swift; sourceTree = "<group>"; };
		89D91DEA1F694F6800313CAD /* Action.swift */ = {isa = PBXFileReference; fileEncoding = 4; lastKnownFileType = sourcecode.swift; path = Action.swift; sourceTree = "<group>"; };
		89D91DED1F69591100313CAD /* Area.swift */ = {isa = PBXFileReference; fileEncoding = 4; lastKnownFileType = sourcecode.swift; path = Area.swift; sourceTree = "<group>"; };
		89DDD0821F4A0A3D00B26F03 /* Die.swift */ = {isa = PBXFileReference; fileEncoding = 4; lastKnownFileType = sourcecode.swift; path = Die.swift; sourceTree = "<group>"; };
		89DDD0851F4B45D200B26F03 /* Spell.swift */ = {isa = PBXFileReference; fileEncoding = 4; lastKnownFileType = sourcecode.swift; path = Spell.swift; sourceTree = "<group>"; };
		89FCFF2C1F5A8AE400D23E0D /* WorldFactory.swift */ = {isa = PBXFileReference; fileEncoding = 4; lastKnownFileType = sourcecode.swift; path = WorldFactory.swift; sourceTree = "<group>"; };
		89FCFF2F1F5A915200D23E0D /* LineReader.swift */ = {isa = PBXFileReference; fileEncoding = 4; lastKnownFileType = sourcecode.swift; path = LineReader.swift; sourceTree = "<group>"; };
		89FCFF321F5C1C4E00D23E0D /* ArrayExtensions.swift */ = {isa = PBXFileReference; fileEncoding = 4; lastKnownFileType = sourcecode.swift; path = ArrayExtensions.swift; sourceTree = "<group>"; };
/* End PBXFileReference section */

/* Begin PBXFrameworksBuildPhase section */
		8980ADA11F49D6B1005A83FE /* Frameworks */ = {
			isa = PBXFrameworksBuildPhase;
			buildActionMask = 2147483647;
			files = (
			);
			runOnlyForDeploymentPostprocessing = 0;
		};
		8980ADB81F49D6B1005A83FE /* Frameworks */ = {
			isa = PBXFrameworksBuildPhase;
			buildActionMask = 2147483647;
			files = (
			);
			runOnlyForDeploymentPostprocessing = 0;
		};
/* End PBXFrameworksBuildPhase section */

/* Begin PBXGroup section */
		8926AEFA1F4D994500828D81 /* GameData */ = {
			isa = PBXGroup;
			children = (
				89CD0BB11F6034CD00FB6F7E /* monsters.csv */,
				8926AEF61F4D993E00828D81 /* names_human_female.txt */,
				8926AEF71F4D993E00828D81 /* names_human_male.txt */,
			);
			name = GameData;
			sourceTree = "<group>";
		};
		8980AD9B1F49D6B1005A83FE = {
			isa = PBXGroup;
			children = (
				8980ADA61F49D6B1005A83FE /* sevendayrogue */,
				8980ADBE1F49D6B1005A83FE /* sevendayrogueTests */,
				8980ADA51F49D6B1005A83FE /* Products */,
			);
			sourceTree = "<group>";
		};
		8980ADA51F49D6B1005A83FE /* Products */ = {
			isa = PBXGroup;
			children = (
				8980ADA41F49D6B1005A83FE /* sevendayrogue.app */,
				8980ADBB1F49D6B1005A83FE /* sevendayrogueTests.xctest */,
			);
			name = Products;
			sourceTree = "<group>";
		};
		8980ADA61F49D6B1005A83FE /* sevendayrogue */ = {
			isa = PBXGroup;
			children = (
				8926AEFA1F4D994500828D81 /* GameData */,
				89C9E2F71F5201EE00A267C7 /* Utils */,
				89CD0BAD1F60034300FB6F7E /* Extensions */,
				89DDD0841F4A0A4500B26F03 /* Core */,
				89CD0BA51F5FEF5F00FB6F7E /* Views */,
				89CD0BA71F5FEF9700FB6F7E /* View Controllers */,
				89CD0BA61F5FEF8400FB6F7E /* Support */,
			);
			path = sevendayrogue;
			sourceTree = "<group>";
		};
		8980ADBE1F49D6B1005A83FE /* sevendayrogueTests */ = {
			isa = PBXGroup;
			children = (
				8980ADBF1F49D6B1005A83FE /* sevendayrogueTests.swift */,
				8980ADC11F49D6B1005A83FE /* Info.plist */,
			);
			path = sevendayrogueTests;
			sourceTree = "<group>";
		};
		89C9E2F71F5201EE00A267C7 /* Utils */ = {
			isa = PBXGroup;
			children = (
				89C9E2F51F5201DA00A267C7 /* Utils.swift */,
				89FCFF2F1F5A915200D23E0D /* LineReader.swift */,
				89FCFF321F5C1C4E00D23E0D /* ArrayExtensions.swift */,
				89CD0BB71F60394000FB6F7E /* Logger.swift */,
			);
			name = Utils;
			sourceTree = "<group>";
		};
		89CD0BA51F5FEF5F00FB6F7E /* Views */ = {
			isa = PBXGroup;
			children = (
				89CD0BA81F5FEFC800FB6F7E /* WorldView.swift */,
			);
			name = Views;
			sourceTree = "<group>";
		};
		89CD0BA61F5FEF8400FB6F7E /* Support */ = {
			isa = PBXGroup;
			children = (
				8980ADB61F49D6B1005A83FE /* Info.plist */,
				8980ADB31F49D6B1005A83FE /* LaunchScreen.storyboard */,
				8980ADAB1F49D6B1005A83FE /* Main.storyboard */,
				8980ADAE1F49D6B1005A83FE /* sevendayrogue.xcdatamodeld */,
				8980ADA71F49D6B1005A83FE /* AppDelegate.swift */,
				8980ADB11F49D6B1005A83FE /* Assets.xcassets */,
			);
			name = Support;
			sourceTree = "<group>";
		};
		89CD0BA71F5FEF9700FB6F7E /* View Controllers */ = {
			isa = PBXGroup;
			children = (
				8980ADA91F49D6B1005A83FE /* ViewController.swift */,
			);
			name = "View Controllers";
			sourceTree = "<group>";
		};
		89CD0BAD1F60034300FB6F7E /* Extensions */ = {
			isa = PBXGroup;
			children = (
				89CD0BAE1F60035600FB6F7E /* UIView+Extensions.swift */,
			);
			name = Extensions;
			sourceTree = "<group>";
		};
		89DDD0841F4A0A4500B26F03 /* Core */ = {
			isa = PBXGroup;
			children = (
				8926AEF01F4D82ED00828D81 /* Ability.swift */,
				89D91DEA1F694F6800313CAD /* Action.swift */,
				89D91DED1F69591100313CAD /* Area.swift */,
				899CB9D81F4C7E4F0071F7E4 /* Armor.swift */,
				89CD0BAA1F5FF16400FB6F7E /* Const.swift */,
				899CB9D31F4C7C5C0071F7E4 /* Creature.swift */,
				89DDD0821F4A0A3D00B26F03 /* Die.swift */,
				89C9E2F31F52005600A267C7 /* Direction.swift */,
				89B88CB11F4F5653002D3849 /* Encounter.swift */,
				89CD0BA31F5FED5A00FB6F7E /* Game.swift */,
				8926AEF41F4D978D00828D81 /* GameData.swift */,
				89C9E2F11F51BCE500A267C7 /* Location.swift */,
				89DDD0851F4B45D200B26F03 /* Spell.swift */,
				899CB9D51F4C7C840071F7E4 /* Weapon.swift */,
				8926AEF21F4D8CE800828D81 /* World.swift */,
				89FCFF2C1F5A8AE400D23E0D /* WorldFactory.swift */,
			);
			name = Core;
			sourceTree = "<group>";
		};
/* End PBXGroup section */

/* Begin PBXNativeTarget section */
		8980ADA31F49D6B1005A83FE /* sevendayrogue */ = {
			isa = PBXNativeTarget;
			buildConfigurationList = 8980ADC41F49D6B1005A83FE /* Build configuration list for PBXNativeTarget "sevendayrogue" */;
			buildPhases = (
				8980ADA01F49D6B1005A83FE /* Sources */,
				8980ADA11F49D6B1005A83FE /* Frameworks */,
				8980ADA21F49D6B1005A83FE /* Resources */,
			);
			buildRules = (
			);
			dependencies = (
			);
			name = sevendayrogue;
			productName = sevendayrogue;
			productReference = 8980ADA41F49D6B1005A83FE /* sevendayrogue.app */;
			productType = "com.apple.product-type.application";
		};
		8980ADBA1F49D6B1005A83FE /* sevendayrogueTests */ = {
			isa = PBXNativeTarget;
			buildConfigurationList = 8980ADC71F49D6B1005A83FE /* Build configuration list for PBXNativeTarget "sevendayrogueTests" */;
			buildPhases = (
				8980ADB71F49D6B1005A83FE /* Sources */,
				8980ADB81F49D6B1005A83FE /* Frameworks */,
				8980ADB91F49D6B1005A83FE /* Resources */,
			);
			buildRules = (
			);
			dependencies = (
				8980ADBD1F49D6B1005A83FE /* PBXTargetDependency */,
			);
			name = sevendayrogueTests;
			productName = sevendayrogueTests;
			productReference = 8980ADBB1F49D6B1005A83FE /* sevendayrogueTests.xctest */;
			productType = "com.apple.product-type.bundle.unit-test";
		};
/* End PBXNativeTarget section */

/* Begin PBXProject section */
		8980AD9C1F49D6B1005A83FE /* Project object */ = {
			isa = PBXProject;
			attributes = {
				LastSwiftUpdateCheck = 0830;
				LastUpgradeCheck = 0900;
				ORGANIZATIONNAME = DutchVirtual;
				TargetAttributes = {
					8980ADA31F49D6B1005A83FE = {
						CreatedOnToolsVersion = 8.3.2;
						DevelopmentTeam = MH8GQLL8BR;
						LastSwiftMigration = 0900;
						ProvisioningStyle = Automatic;
					};
					8980ADBA1F49D6B1005A83FE = {
						CreatedOnToolsVersion = 8.3.2;
						DevelopmentTeam = MH8GQLL8BR;
						LastSwiftMigration = 0900;
						ProvisioningStyle = Automatic;
						TestTargetID = 8980ADA31F49D6B1005A83FE;
					};
				};
			};
			buildConfigurationList = 8980AD9F1F49D6B1005A83FE /* Build configuration list for PBXProject "sevendayrogue" */;
			compatibilityVersion = "Xcode 3.2";
			developmentRegion = English;
			hasScannedForEncodings = 0;
			knownRegions = (
				en,
				Base,
			);
			mainGroup = 8980AD9B1F49D6B1005A83FE;
			productRefGroup = 8980ADA51F49D6B1005A83FE /* Products */;
			projectDirPath = "";
			projectRoot = "";
			targets = (
				8980ADA31F49D6B1005A83FE /* sevendayrogue */,
				8980ADBA1F49D6B1005A83FE /* sevendayrogueTests */,
			);
		};
/* End PBXProject section */

/* Begin PBXResourcesBuildPhase section */
		8980ADA21F49D6B1005A83FE /* Resources */ = {
			isa = PBXResourcesBuildPhase;
			buildActionMask = 2147483647;
			files = (
				8980ADB51F49D6B1005A83FE /* LaunchScreen.storyboard in Resources */,
				89CD0BB21F6034CD00FB6F7E /* monsters.csv in Resources */,
				8926AEF81F4D993E00828D81 /* names_human_female.txt in Resources */,
				8980ADB21F49D6B1005A83FE /* Assets.xcassets in Resources */,
				8980ADAD1F49D6B1005A83FE /* Main.storyboard in Resources */,
				8926AEF91F4D993E00828D81 /* names_human_male.txt in Resources */,
			);
			runOnlyForDeploymentPostprocessing = 0;
		};
		8980ADB91F49D6B1005A83FE /* Resources */ = {
			isa = PBXResourcesBuildPhase;
			buildActionMask = 2147483647;
			files = (
				89CD0BB31F6034CD00FB6F7E /* monsters.csv in Resources */,
			);
			runOnlyForDeploymentPostprocessing = 0;
		};
/* End PBXResourcesBuildPhase section */

/* Begin PBXSourcesBuildPhase section */
		8980ADA01F49D6B1005A83FE /* Sources */ = {
			isa = PBXSourcesBuildPhase;
			buildActionMask = 2147483647;
			files = (
				89DDD0861F4B45D200B26F03 /* Spell.swift in Sources */,
				89B88CB21F4F5653002D3849 /* Encounter.swift in Sources */,
				8926AEF11F4D82ED00828D81 /* Ability.swift in Sources */,
				8980ADAA1F49D6B1005A83FE /* ViewController.swift in Sources */,
				8980ADA81F49D6B1005A83FE /* AppDelegate.swift in Sources */,
				89D91DEE1F69591100313CAD /* Area.swift in Sources */,
				89C9E2F61F5201DA00A267C7 /* Utils.swift in Sources */,
				8926AEF51F4D978D00828D81 /* GameData.swift in Sources */,
				89FCFF331F5C1C4E00D23E0D /* ArrayExtensions.swift in Sources */,
				89C9E2F21F51BCE500A267C7 /* Location.swift in Sources */,
				89CD0BB81F60394000FB6F7E /* Logger.swift in Sources */,
				89FCFF301F5A915200D23E0D /* LineReader.swift in Sources */,
				89CD0BAF1F60035600FB6F7E /* UIView+Extensions.swift in Sources */,
				89C9E2F41F52005600A267C7 /* Direction.swift in Sources */,
				89D91DEB1F694F6800313CAD /* Action.swift in Sources */,
				8926AEF31F4D8CE800828D81 /* World.swift in Sources */,
				899CB9D61F4C7C840071F7E4 /* Weapon.swift in Sources */,
				899CB9D41F4C7C5C0071F7E4 /* Creature.swift in Sources */,
				89CD0BA41F5FED5A00FB6F7E /* Game.swift in Sources */,
				89DDD0831F4A0A3D00B26F03 /* Die.swift in Sources */,
				89FCFF2D1F5A8AE400D23E0D /* WorldFactory.swift in Sources */,
				89CD0BA91F5FEFC800FB6F7E /* WorldView.swift in Sources */,
				8980ADB01F49D6B1005A83FE /* sevendayrogue.xcdatamodeld in Sources */,
				899CB9D91F4C7E4F0071F7E4 /* Armor.swift in Sources */,
				89CD0BAB1F5FF16400FB6F7E /* Const.swift in Sources */,
			);
			runOnlyForDeploymentPostprocessing = 0;
		};
		8980ADB71F49D6B1005A83FE /* Sources */ = {
			isa = PBXSourcesBuildPhase;
			buildActionMask = 2147483647;
			files = (
				89CD0BB91F60394000FB6F7E /* Logger.swift in Sources */,
				89D91DEF1F69591100313CAD /* Area.swift in Sources */,
				89FCFF281F5A87F000D23E0D /* Spell.swift in Sources */,
				89FCFF2E1F5A8AE400D23E0D /* WorldFactory.swift in Sources */,
				89FCFF221F5A87F000D23E0D /* Creature.swift in Sources */,
				89FCFF211F5A87F000D23E0D /* Armor.swift in Sources */,
				89FCFF201F5A87F000D23E0D /* Ability.swift in Sources */,
				89FCFF231F5A87F000D23E0D /* Die.swift in Sources */,
				89CD0BAC1F5FF16400FB6F7E /* Const.swift in Sources */,
				89FCFF2B1F5A87F300D23E0D /* Utils.swift in Sources */,
				89FCFF271F5A87F000D23E0D /* Location.swift in Sources */,
				89FCFF2A1F5A87F000D23E0D /* World.swift in Sources */,
				89FCFF291F5A87F000D23E0D /* Weapon.swift in Sources */,
				89FCFF311F5A915200D23E0D /* LineReader.swift in Sources */,
				89D91DEC1F694F6800313CAD /* Action.swift in Sources */,
				89CD0BB01F60035600FB6F7E /* UIView+Extensions.swift in Sources */,
				89FCFF251F5A87F000D23E0D /* Encounter.swift in Sources */,
				89FCFF261F5A87F000D23E0D /* GameData.swift in Sources */,
				8980ADC01F49D6B1005A83FE /* sevendayrogueTests.swift in Sources */,
				89FCFF241F5A87F000D23E0D /* Direction.swift in Sources */,
				89FCFF341F5C1C4E00D23E0D /* ArrayExtensions.swift in Sources */,
			);
			runOnlyForDeploymentPostprocessing = 0;
		};
/* End PBXSourcesBuildPhase section */

/* Begin PBXTargetDependency section */
		8980ADBD1F49D6B1005A83FE /* PBXTargetDependency */ = {
			isa = PBXTargetDependency;
			target = 8980ADA31F49D6B1005A83FE /* sevendayrogue */;
			targetProxy = 8980ADBC1F49D6B1005A83FE /* PBXContainerItemProxy */;
		};
/* End PBXTargetDependency section */

/* Begin PBXVariantGroup section */
		8980ADAB1F49D6B1005A83FE /* Main.storyboard */ = {
			isa = PBXVariantGroup;
			children = (
				8980ADAC1F49D6B1005A83FE /* Base */,
			);
			name = Main.storyboard;
			sourceTree = "<group>";
		};
		8980ADB31F49D6B1005A83FE /* LaunchScreen.storyboard */ = {
			isa = PBXVariantGroup;
			children = (
				8980ADB41F49D6B1005A83FE /* Base */,
			);
			name = LaunchScreen.storyboard;
			sourceTree = "<group>";
		};
/* End PBXVariantGroup section */

/* Begin XCBuildConfiguration section */
		8980ADC21F49D6B1005A83FE /* Debug */ = {
			isa = XCBuildConfiguration;
			buildSettings = {
				ALWAYS_SEARCH_USER_PATHS = NO;
				CLANG_ANALYZER_NONNULL = YES;
				CLANG_ANALYZER_NUMBER_OBJECT_CONVERSION = YES_AGGRESSIVE;
				CLANG_CXX_LANGUAGE_STANDARD = "gnu++0x";
				CLANG_CXX_LIBRARY = "libc++";
				CLANG_ENABLE_MODULES = YES;
				CLANG_ENABLE_OBJC_ARC = YES;
				CLANG_WARN_BLOCK_CAPTURE_AUTORELEASING = YES;
				CLANG_WARN_BOOL_CONVERSION = YES;
				CLANG_WARN_COMMA = YES;
				CLANG_WARN_CONSTANT_CONVERSION = YES;
				CLANG_WARN_DIRECT_OBJC_ISA_USAGE = YES_ERROR;
				CLANG_WARN_DOCUMENTATION_COMMENTS = YES;
				CLANG_WARN_EMPTY_BODY = YES;
				CLANG_WARN_ENUM_CONVERSION = YES;
				CLANG_WARN_INFINITE_RECURSION = YES;
				CLANG_WARN_INT_CONVERSION = YES;
				CLANG_WARN_NON_LITERAL_NULL_CONVERSION = YES;
				CLANG_WARN_OBJC_LITERAL_CONVERSION = YES;
				CLANG_WARN_OBJC_ROOT_CLASS = YES_ERROR;
				CLANG_WARN_RANGE_LOOP_ANALYSIS = YES;
				CLANG_WARN_STRICT_PROTOTYPES = YES;
				CLANG_WARN_SUSPICIOUS_MOVE = YES;
				CLANG_WARN_UNREACHABLE_CODE = YES;
				CLANG_WARN__DUPLICATE_METHOD_MATCH = YES;
				"CODE_SIGN_IDENTITY[sdk=iphoneos*]" = "iPhone Developer";
				COPY_PHASE_STRIP = NO;
				DEBUG_INFORMATION_FORMAT = dwarf;
				ENABLE_STRICT_OBJC_MSGSEND = YES;
				ENABLE_TESTABILITY = YES;
				GCC_C_LANGUAGE_STANDARD = gnu99;
				GCC_DYNAMIC_NO_PIC = NO;
				GCC_NO_COMMON_BLOCKS = YES;
				GCC_OPTIMIZATION_LEVEL = 0;
				GCC_PREPROCESSOR_DEFINITIONS = (
					"DEBUG=1",
					"$(inherited)",
				);
				GCC_WARN_64_TO_32_BIT_CONVERSION = YES;
				GCC_WARN_ABOUT_RETURN_TYPE = YES_ERROR;
				GCC_WARN_UNDECLARED_SELECTOR = YES;
				GCC_WARN_UNINITIALIZED_AUTOS = YES_AGGRESSIVE;
				GCC_WARN_UNUSED_FUNCTION = YES;
				GCC_WARN_UNUSED_VARIABLE = YES;
				IPHONEOS_DEPLOYMENT_TARGET = 10.3;
				MTL_ENABLE_DEBUG_INFO = YES;
				ONLY_ACTIVE_ARCH = YES;
				SDKROOT = iphoneos;
				SWIFT_ACTIVE_COMPILATION_CONDITIONS = DEBUG;
				SWIFT_OPTIMIZATION_LEVEL = "-Onone";
				TARGETED_DEVICE_FAMILY = "1,2";
			};
			name = Debug;
		};
		8980ADC31F49D6B1005A83FE /* Release */ = {
			isa = XCBuildConfiguration;
			buildSettings = {
				ALWAYS_SEARCH_USER_PATHS = NO;
				CLANG_ANALYZER_NONNULL = YES;
				CLANG_ANALYZER_NUMBER_OBJECT_CONVERSION = YES_AGGRESSIVE;
				CLANG_CXX_LANGUAGE_STANDARD = "gnu++0x";
				CLANG_CXX_LIBRARY = "libc++";
				CLANG_ENABLE_MODULES = YES;
				CLANG_ENABLE_OBJC_ARC = YES;
				CLANG_WARN_BLOCK_CAPTURE_AUTORELEASING = YES;
				CLANG_WARN_BOOL_CONVERSION = YES;
				CLANG_WARN_COMMA = YES;
				CLANG_WARN_CONSTANT_CONVERSION = YES;
				CLANG_WARN_DIRECT_OBJC_ISA_USAGE = YES_ERROR;
				CLANG_WARN_DOCUMENTATION_COMMENTS = YES;
				CLANG_WARN_EMPTY_BODY = YES;
				CLANG_WARN_ENUM_CONVERSION = YES;
				CLANG_WARN_INFINITE_RECURSION = YES;
				CLANG_WARN_INT_CONVERSION = YES;
				CLANG_WARN_NON_LITERAL_NULL_CONVERSION = YES;
				CLANG_WARN_OBJC_LITERAL_CONVERSION = YES;
				CLANG_WARN_OBJC_ROOT_CLASS = YES_ERROR;
				CLANG_WARN_RANGE_LOOP_ANALYSIS = YES;
				CLANG_WARN_STRICT_PROTOTYPES = YES;
				CLANG_WARN_SUSPICIOUS_MOVE = YES;
				CLANG_WARN_UNREACHABLE_CODE = YES;
				CLANG_WARN__DUPLICATE_METHOD_MATCH = YES;
				"CODE_SIGN_IDENTITY[sdk=iphoneos*]" = "iPhone Developer";
				COPY_PHASE_STRIP = NO;
				DEBUG_INFORMATION_FORMAT = "dwarf-with-dsym";
				ENABLE_NS_ASSERTIONS = NO;
				ENABLE_STRICT_OBJC_MSGSEND = YES;
				GCC_C_LANGUAGE_STANDARD = gnu99;
				GCC_NO_COMMON_BLOCKS = YES;
				GCC_WARN_64_TO_32_BIT_CONVERSION = YES;
				GCC_WARN_ABOUT_RETURN_TYPE = YES_ERROR;
				GCC_WARN_UNDECLARED_SELECTOR = YES;
				GCC_WARN_UNINITIALIZED_AUTOS = YES_AGGRESSIVE;
				GCC_WARN_UNUSED_FUNCTION = YES;
				GCC_WARN_UNUSED_VARIABLE = YES;
				IPHONEOS_DEPLOYMENT_TARGET = 10.3;
				MTL_ENABLE_DEBUG_INFO = NO;
				SDKROOT = iphoneos;
				SWIFT_OPTIMIZATION_LEVEL = "-Owholemodule";
				TARGETED_DEVICE_FAMILY = "1,2";
				VALIDATE_PRODUCT = YES;
			};
			name = Release;
		};
		8980ADC51F49D6B1005A83FE /* Debug */ = {
			isa = XCBuildConfiguration;
			buildSettings = {
				ASSETCATALOG_COMPILER_APPICON_NAME = AppIcon;
				DEVELOPMENT_TEAM = MH8GQLL8BR;
				INFOPLIST_FILE = sevendayrogue/Info.plist;
				LD_RUNPATH_SEARCH_PATHS = "$(inherited) @executable_path/Frameworks";
				PRODUCT_BUNDLE_IDENTIFIER = nl.dutchvirtual.sevendayrogue;
				PRODUCT_NAME = "$(TARGET_NAME)";
				SWIFT_SWIFT3_OBJC_INFERENCE = Default;
				SWIFT_VERSION = 4.0;
			};
			name = Debug;
		};
		8980ADC61F49D6B1005A83FE /* Release */ = {
			isa = XCBuildConfiguration;
			buildSettings = {
				ASSETCATALOG_COMPILER_APPICON_NAME = AppIcon;
				DEVELOPMENT_TEAM = MH8GQLL8BR;
				INFOPLIST_FILE = sevendayrogue/Info.plist;
				LD_RUNPATH_SEARCH_PATHS = "$(inherited) @executable_path/Frameworks";
				PRODUCT_BUNDLE_IDENTIFIER = nl.dutchvirtual.sevendayrogue;
				PRODUCT_NAME = "$(TARGET_NAME)";
				SWIFT_SWIFT3_OBJC_INFERENCE = Default;
				SWIFT_VERSION = 4.0;
			};
			name = Release;
		};
		8980ADC81F49D6B1005A83FE /* Debug */ = {
			isa = XCBuildConfiguration;
			buildSettings = {
				ALWAYS_EMBED_SWIFT_STANDARD_LIBRARIES = YES;
				BUNDLE_LOADER = "$(TEST_HOST)";
				DEVELOPMENT_TEAM = MH8GQLL8BR;
				INFOPLIST_FILE = sevendayrogueTests/Info.plist;
				LD_RUNPATH_SEARCH_PATHS = "$(inherited) @executable_path/Frameworks @loader_path/Frameworks";
				PRODUCT_BUNDLE_IDENTIFIER = nl.dutchvirtual.sevendayrogueTests;
				PRODUCT_NAME = "$(TARGET_NAME)";
				SWIFT_SWIFT3_OBJC_INFERENCE = Default;
				SWIFT_VERSION = 4.0;
				TEST_HOST = "$(BUILT_PRODUCTS_DIR)/sevendayrogue.app/sevendayrogue";
			};
			name = Debug;
		};
		8980ADC91F49D6B1005A83FE /* Release */ = {
			isa = XCBuildConfiguration;
			buildSettings = {
				ALWAYS_EMBED_SWIFT_STANDARD_LIBRARIES = YES;
				BUNDLE_LOADER = "$(TEST_HOST)";
				DEVELOPMENT_TEAM = MH8GQLL8BR;
				INFOPLIST_FILE = sevendayrogueTests/Info.plist;
				LD_RUNPATH_SEARCH_PATHS = "$(inherited) @executable_path/Frameworks @loader_path/Frameworks";
				PRODUCT_BUNDLE_IDENTIFIER = nl.dutchvirtual.sevendayrogueTests;
				PRODUCT_NAME = "$(TARGET_NAME)";
				SWIFT_SWIFT3_OBJC_INFERENCE = Default;
				SWIFT_VERSION = 4.0;
				TEST_HOST = "$(BUILT_PRODUCTS_DIR)/sevendayrogue.app/sevendayrogue";
			};
			name = Release;
		};
/* End XCBuildConfiguration section */

/* Begin XCConfigurationList section */
		8980AD9F1F49D6B1005A83FE /* Build configuration list for PBXProject "sevendayrogue" */ = {
			isa = XCConfigurationList;
			buildConfigurations = (
				8980ADC21F49D6B1005A83FE /* Debug */,
				8980ADC31F49D6B1005A83FE /* Release */,
			);
			defaultConfigurationIsVisible = 0;
			defaultConfigurationName = Release;
		};
		8980ADC41F49D6B1005A83FE /* Build configuration list for PBXNativeTarget "sevendayrogue" */ = {
			isa = XCConfigurationList;
			buildConfigurations = (
				8980ADC51F49D6B1005A83FE /* Debug */,
				8980ADC61F49D6B1005A83FE /* Release */,
			);
			defaultConfigurationIsVisible = 0;
			defaultConfigurationName = Release;
		};
		8980ADC71F49D6B1005A83FE /* Build configuration list for PBXNativeTarget "sevendayrogueTests" */ = {
			isa = XCConfigurationList;
			buildConfigurations = (
				8980ADC81F49D6B1005A83FE /* Debug */,
				8980ADC91F49D6B1005A83FE /* Release */,
			);
			defaultConfigurationIsVisible = 0;
			defaultConfigurationName = Release;
		};
/* End XCConfigurationList section */

/* Begin XCVersionGroup section */
		8980ADAE1F49D6B1005A83FE /* sevendayrogue.xcdatamodeld */ = {
			isa = XCVersionGroup;
			children = (
				8980ADAF1F49D6B1005A83FE /* sevendayrogue.xcdatamodel */,
			);
			currentVersion = 8980ADAF1F49D6B1005A83FE /* sevendayrogue.xcdatamodel */;
			path = sevendayrogue.xcdatamodeld;
			sourceTree = "<group>";
			versionGroupType = wrapper.xcdatamodel;
		};
/* End XCVersionGroup section */
	};
	rootObject = 8980AD9C1F49D6B1005A83FE /* Project object */;
}
